dependencies:
- name: backend
  repository: file://charts/backend
  version: 0.1.0
- name: frontend
  repository: file://charts/frontend
  version: 0.1.0
- name: db
  repository: file://charts/db
  version: 0.1.0
- name: mailcatcher
  repository: file://charts/mailcatcher
  version: 0.1.0
- name: adminer
  repository: file://charts/adminer
  version: 0.1.0
digest: sha256:063164a8588c179b46c1adcf7fccea4cedb27a49a34a7130c55c40e8af2b76e5
generated: "2024-11-23T15:56:27.916372+01:00"
